// !$*UTF8*$!
{
	archiveVersion = 1;
	classes = {
	};
	objectVersion = 55;
	objects = {

/* Begin PBXBuildFile section */
		5B0F76A6289F316800B52A54 /* NavigationBarView.swift in Sources */ = {isa = PBXBuildFile; fileRef = 5B0F76A5289F316800B52A54 /* NavigationBarView.swift */; };
		5B18CDBE28A0433F0025BEA7 /* Decoder.swift in Sources */ = {isa = PBXBuildFile; fileRef = 5B18CDBD28A0433F0025BEA7 /* Decoder.swift */; };
		5B18CDC028A044210025BEA7 /* Player.swift in Sources */ = {isa = PBXBuildFile; fileRef = 5B18CDBF28A044210025BEA7 /* Player.swift */; };
		5B18CDC228A044DE0025BEA7 /* PlayerView.swift in Sources */ = {isa = PBXBuildFile; fileRef = 5B18CDC128A044DE0025BEA7 /* PlayerView.swift */; };
		5B5DC3A428A04B2E0047DB9D /* player.json in Resources */ = {isa = PBXBuildFile; fileRef = 5B5DC3A028A04B2E0047DB9D /* player.json */; };
		5B5DC3A528A04B2E0047DB9D /* brand.json in Resources */ = {isa = PBXBuildFile; fileRef = 5B5DC3A128A04B2E0047DB9D /* brand.json */; };
		5B5DC3A628A04B2E0047DB9D /* product.json in Resources */ = {isa = PBXBuildFile; fileRef = 5B5DC3A228A04B2E0047DB9D /* product.json */; };
		5B5DC3A728A04B2E0047DB9D /* category.json in Resources */ = {isa = PBXBuildFile; fileRef = 5B5DC3A328A04B2E0047DB9D /* category.json */; };
		5B5DC3AC28A055670047DB9D /* ProductCategory.swift in Sources */ = {isa = PBXBuildFile; fileRef = 5B5DC3AB28A055670047DB9D /* ProductCategory.swift */; };
		5B5DC3AE28A0582C0047DB9D /* CategoryItemViews.swift in Sources */ = {isa = PBXBuildFile; fileRef = 5B5DC3AD28A0582C0047DB9D /* CategoryItemViews.swift */; };
		5B5DC3B028A05B480047DB9D /* CategoryGridView.swift in Sources */ = {isa = PBXBuildFile; fileRef = 5B5DC3AF28A05B480047DB9D /* CategoryGridView.swift */; };
		5B5DC3B228A064280047DB9D /* SectionsView.swift in Sources */ = {isa = PBXBuildFile; fileRef = 5B5DC3B128A064280047DB9D /* SectionsView.swift */; };
		5B5DC3B428A074EB0047DB9D /* TitleView.swift in Sources */ = {isa = PBXBuildFile; fileRef = 5B5DC3B328A074EB0047DB9D /* TitleView.swift */; };
		5B5DC3B628A075E90047DB9D /* Product.swift in Sources */ = {isa = PBXBuildFile; fileRef = 5B5DC3B528A075E90047DB9D /* Product.swift */; };
		5B5DC3B828A0767A0047DB9D /* ProductItemView.swift in Sources */ = {isa = PBXBuildFile; fileRef = 5B5DC3B728A0767A0047DB9D /* ProductItemView.swift */; };
		5B5DC3BA28A07B7E0047DB9D /* Brand.swift in Sources */ = {isa = PBXBuildFile; fileRef = 5B5DC3B928A07B7E0047DB9D /* Brand.swift */; };
		5B5DC3BC28A07BC30047DB9D /* BrandsItemView.swift in Sources */ = {isa = PBXBuildFile; fileRef = 5B5DC3BB28A07BC30047DB9D /* BrandsItemView.swift */; };
		5B5DC3BE28A080360047DB9D /* BrandGridView.swift in Sources */ = {isa = PBXBuildFile; fileRef = 5B5DC3BD28A080360047DB9D /* BrandGridView.swift */; };
		5B6E025C289F3534003FBE28 /* LogoView.swift in Sources */ = {isa = PBXBuildFile; fileRef = 5B6E025B289F3534003FBE28 /* LogoView.swift */; };
		5B7F98DD289F1B4800DE5B4D /* TouchDownApp.swift in Sources */ = {isa = PBXBuildFile; fileRef = 5B7F98DC289F1B4800DE5B4D /* TouchDownApp.swift */; };
		5B7F98DF289F1B4800DE5B4D /* ContentView.swift in Sources */ = {isa = PBXBuildFile; fileRef = 5B7F98DE289F1B4800DE5B4D /* ContentView.swift */; };
		5B7F98E1289F1B4A00DE5B4D /* Assets.xcassets in Resources */ = {isa = PBXBuildFile; fileRef = 5B7F98E0289F1B4A00DE5B4D /* Assets.xcassets */; };
		5B7F98E4289F1B4A00DE5B4D /* Preview Assets.xcassets in Resources */ = {isa = PBXBuildFile; fileRef = 5B7F98E3289F1B4A00DE5B4D /* Preview Assets.xcassets */; };
		5B7F98F5289F1DD300DE5B4D /* Constance.swift in Sources */ = {isa = PBXBuildFile; fileRef = 5B7F98F4289F1DD300DE5B4D /* Constance.swift */; };
		5B7F98F7289F1F0700DE5B4D /* FooterView.swift in Sources */ = {isa = PBXBuildFile; fileRef = 5B7F98F6289F1F0700DE5B4D /* FooterView.swift */; };
		5BA4081628A19E9800FB1FF8 /* ProductDetailView.swift in Sources */ = {isa = PBXBuildFile; fileRef = 5BA4081528A19E9800FB1FF8 /* ProductDetailView.swift */; };
		5BA4081828A19FC700FB1FF8 /* NavbarDetailView.swift in Sources */ = {isa = PBXBuildFile; fileRef = 5BA4081728A19FC700FB1FF8 /* NavbarDetailView.swift */; };
		5BA4081A28A1A12F00FB1FF8 /* HeaderDetailView.swift in Sources */ = {isa = PBXBuildFile; fileRef = 5BA4081928A1A12F00FB1FF8 /* HeaderDetailView.swift */; };
		5BA4081C28A1A2A400FB1FF8 /* TopPartDetailView.swift in Sources */ = {isa = PBXBuildFile; fileRef = 5BA4081B28A1A2A400FB1FF8 /* TopPartDetailView.swift */; };
		5BA4081E28A1A82F00FB1FF8 /* CustomShapeView.swift in Sources */ = {isa = PBXBuildFile; fileRef = 5BA4081D28A1A82F00FB1FF8 /* CustomShapeView.swift */; };
		5BA4082028A1AE2A00FB1FF8 /* RatingSizeComponentView.swift in Sources */ = {isa = PBXBuildFile; fileRef = 5BA4081F28A1AE2A00FB1FF8 /* RatingSizeComponentView.swift */; };
		5BA4082228A1B71900FB1FF8 /* QuantityFavoritDetailView.swift in Sources */ = {isa = PBXBuildFile; fileRef = 5BA4082128A1B71900FB1FF8 /* QuantityFavoritDetailView.swift */; };
		5BA4082428A1B9E500FB1FF8 /* AddToCartDetailView.swift in Sources */ = {isa = PBXBuildFile; fileRef = 5BA4082328A1B9E500FB1FF8 /* AddToCartDetailView.swift */; };
		5BA4082628A1BE2500FB1FF8 /* Shop.swift in Sources */ = {isa = PBXBuildFile; fileRef = 5BA4082528A1BE2500FB1FF8 /* Shop.swift */; };
/* End PBXBuildFile section */

/* Begin PBXFileReference section */
		5B0F76A5289F316800B52A54 /* NavigationBarView.swift */ = {isa = PBXFileReference; lastKnownFileType = sourcecode.swift; path = NavigationBarView.swift; sourceTree = "<group>"; };
		5B18CDBD28A0433F0025BEA7 /* Decoder.swift */ = {isa = PBXFileReference; lastKnownFileType = sourcecode.swift; path = Decoder.swift; sourceTree = "<group>"; };
		5B18CDBF28A044210025BEA7 /* Player.swift */ = {isa = PBXFileReference; lastKnownFileType = sourcecode.swift; path = Player.swift; sourceTree = "<group>"; };
		5B18CDC128A044DE0025BEA7 /* PlayerView.swift */ = {isa = PBXFileReference; lastKnownFileType = sourcecode.swift; path = PlayerView.swift; sourceTree = "<group>"; };
		5B5DC3A028A04B2E0047DB9D /* player.json */ = {isa = PBXFileReference; fileEncoding = 4; lastKnownFileType = text.json; path = player.json; sourceTree = "<group>"; };
		5B5DC3A128A04B2E0047DB9D /* brand.json */ = {isa = PBXFileReference; fileEncoding = 4; lastKnownFileType = text.json; path = brand.json; sourceTree = "<group>"; };
		5B5DC3A228A04B2E0047DB9D /* product.json */ = {isa = PBXFileReference; fileEncoding = 4; lastKnownFileType = text.json; path = product.json; sourceTree = "<group>"; };
		5B5DC3A328A04B2E0047DB9D /* category.json */ = {isa = PBXFileReference; fileEncoding = 4; lastKnownFileType = text.json; path = category.json; sourceTree = "<group>"; };
		5B5DC3AB28A055670047DB9D /* ProductCategory.swift */ = {isa = PBXFileReference; lastKnownFileType = sourcecode.swift; path = ProductCategory.swift; sourceTree = "<group>"; };
		5B5DC3AD28A0582C0047DB9D /* CategoryItemViews.swift */ = {isa = PBXFileReference; lastKnownFileType = sourcecode.swift; path = CategoryItemViews.swift; sourceTree = "<group>"; };
		5B5DC3AF28A05B480047DB9D /* CategoryGridView.swift */ = {isa = PBXFileReference; lastKnownFileType = sourcecode.swift; path = CategoryGridView.swift; sourceTree = "<group>"; };
		5B5DC3B128A064280047DB9D /* SectionsView.swift */ = {isa = PBXFileReference; lastKnownFileType = sourcecode.swift; path = SectionsView.swift; sourceTree = "<group>"; };
		5B5DC3B328A074EB0047DB9D /* TitleView.swift */ = {isa = PBXFileReference; lastKnownFileType = sourcecode.swift; path = TitleView.swift; sourceTree = "<group>"; };
		5B5DC3B528A075E90047DB9D /* Product.swift */ = {isa = PBXFileReference; lastKnownFileType = sourcecode.swift; path = Product.swift; sourceTree = "<group>"; };
		5B5DC3B728A0767A0047DB9D /* ProductItemView.swift */ = {isa = PBXFileReference; lastKnownFileType = sourcecode.swift; path = ProductItemView.swift; sourceTree = "<group>"; };
		5B5DC3B928A07B7E0047DB9D /* Brand.swift */ = {isa = PBXFileReference; lastKnownFileType = sourcecode.swift; path = Brand.swift; sourceTree = "<group>"; };
		5B5DC3BB28A07BC30047DB9D /* BrandsItemView.swift */ = {isa = PBXFileReference; lastKnownFileType = sourcecode.swift; path = BrandsItemView.swift; sourceTree = "<group>"; };
		5B5DC3BD28A080360047DB9D /* BrandGridView.swift */ = {isa = PBXFileReference; lastKnownFileType = sourcecode.swift; path = BrandGridView.swift; sourceTree = "<group>"; };
		5B6E025B289F3534003FBE28 /* LogoView.swift */ = {isa = PBXFileReference; lastKnownFileType = sourcecode.swift; path = LogoView.swift; sourceTree = "<group>"; };
		5B7F98D9289F1B4800DE5B4D /* TouchDown.app */ = {isa = PBXFileReference; explicitFileType = wrapper.application; includeInIndex = 0; path = TouchDown.app; sourceTree = BUILT_PRODUCTS_DIR; };
		5B7F98DC289F1B4800DE5B4D /* TouchDownApp.swift */ = {isa = PBXFileReference; lastKnownFileType = sourcecode.swift; path = TouchDownApp.swift; sourceTree = "<group>"; };
		5B7F98DE289F1B4800DE5B4D /* ContentView.swift */ = {isa = PBXFileReference; lastKnownFileType = sourcecode.swift; path = ContentView.swift; sourceTree = "<group>"; };
		5B7F98E0289F1B4A00DE5B4D /* Assets.xcassets */ = {isa = PBXFileReference; lastKnownFileType = folder.assetcatalog; path = Assets.xcassets; sourceTree = "<group>"; };
		5B7F98E3289F1B4A00DE5B4D /* Preview Assets.xcassets */ = {isa = PBXFileReference; lastKnownFileType = folder.assetcatalog; path = "Preview Assets.xcassets"; sourceTree = "<group>"; };
		5B7F98EC289F1C0400DE5B4D /* Info.plist */ = {isa = PBXFileReference; lastKnownFileType = text.plist.xml; path = Info.plist; sourceTree = "<group>"; };
		5B7F98F4289F1DD300DE5B4D /* Constance.swift */ = {isa = PBXFileReference; lastKnownFileType = sourcecode.swift; path = Constance.swift; sourceTree = "<group>"; };
		5B7F98F6289F1F0700DE5B4D /* FooterView.swift */ = {isa = PBXFileReference; lastKnownFileType = sourcecode.swift; path = FooterView.swift; sourceTree = "<group>"; };
		5BA4081528A19E9800FB1FF8 /* ProductDetailView.swift */ = {isa = PBXFileReference; lastKnownFileType = sourcecode.swift; path = ProductDetailView.swift; sourceTree = "<group>"; };
		5BA4081728A19FC700FB1FF8 /* NavbarDetailView.swift */ = {isa = PBXFileReference; lastKnownFileType = sourcecode.swift; path = NavbarDetailView.swift; sourceTree = "<group>"; };
		5BA4081928A1A12F00FB1FF8 /* HeaderDetailView.swift */ = {isa = PBXFileReference; lastKnownFileType = sourcecode.swift; path = HeaderDetailView.swift; sourceTree = "<group>"; };
		5BA4081B28A1A2A400FB1FF8 /* TopPartDetailView.swift */ = {isa = PBXFileReference; lastKnownFileType = sourcecode.swift; path = TopPartDetailView.swift; sourceTree = "<group>"; };
		5BA4081D28A1A82F00FB1FF8 /* CustomShapeView.swift */ = {isa = PBXFileReference; lastKnownFileType = sourcecode.swift; path = CustomShapeView.swift; sourceTree = "<group>"; };
		5BA4081F28A1AE2A00FB1FF8 /* RatingSizeComponentView.swift */ = {isa = PBXFileReference; lastKnownFileType = sourcecode.swift; path = RatingSizeComponentView.swift; sourceTree = "<group>"; };
		5BA4082128A1B71900FB1FF8 /* QuantityFavoritDetailView.swift */ = {isa = PBXFileReference; lastKnownFileType = sourcecode.swift; path = QuantityFavoritDetailView.swift; sourceTree = "<group>"; };
		5BA4082328A1B9E500FB1FF8 /* AddToCartDetailView.swift */ = {isa = PBXFileReference; lastKnownFileType = sourcecode.swift; path = AddToCartDetailView.swift; sourceTree = "<group>"; };
		5BA4082528A1BE2500FB1FF8 /* Shop.swift */ = {isa = PBXFileReference; lastKnownFileType = sourcecode.swift; path = Shop.swift; sourceTree = "<group>"; };
/* End PBXFileReference section */

/* Begin PBXFrameworksBuildPhase section */
		5B7F98D6289F1B4800DE5B4D /* Frameworks */ = {
			isa = PBXFrameworksBuildPhase;
			buildActionMask = 2147483647;
			files = (
			);
			runOnlyForDeploymentPostprocessing = 0;
		};
/* End PBXFrameworksBuildPhase section */

/* Begin PBXGroup section */
		5B5DC3A828A04B320047DB9D /* MyData */ = {
			isa = PBXGroup;
			children = (
				5B5DC3A128A04B2E0047DB9D /* brand.json */,
				5B5DC3A328A04B2E0047DB9D /* category.json */,
				5B5DC3A028A04B2E0047DB9D /* player.json */,
				5B5DC3A228A04B2E0047DB9D /* product.json */,
			);
			path = MyData;
			sourceTree = "<group>";
		};
		5B7F98D0289F1B4800DE5B4D = {
			isa = PBXGroup;
			children = (
				5B7F98DB289F1B4800DE5B4D /* TouchDown */,
				5B7F98E0289F1B4A00DE5B4D /* Assets.xcassets */,
				5B7F98DA289F1B4800DE5B4D /* Products */,
			);
			sourceTree = "<group>";
		};
		5B7F98DA289F1B4800DE5B4D /* Products */ = {
			isa = PBXGroup;
			children = (
				5B7F98D9289F1B4800DE5B4D /* TouchDown.app */,
			);
			name = Products;
			sourceTree = "<group>";
		};
		5B7F98DB289F1B4800DE5B4D /* TouchDown */ = {
			isa = PBXGroup;
			children = (
				5B5DC3A828A04B320047DB9D /* MyData */,
				5B7F98F3289F1D1400DE5B4D /* App */,
				5B7F98F2289F1D0900DE5B4D /* Model */,
				5B7F98ED289F1CDB00DE5B4D /* View */,
				5B7F98F1289F1CF500DE5B4D /* Utilites */,
				5B7F98EC289F1C0400DE5B4D /* Info.plist */,
				5B7F98F0289F1CF200DE5B4D /* Extentions */,
				5B7F98E2289F1B4A00DE5B4D /* Preview Content */,
			);
			path = TouchDown;
			sourceTree = "<group>";
		};
		5B7F98E2289F1B4A00DE5B4D /* Preview Content */ = {
			isa = PBXGroup;
			children = (
				5B7F98E3289F1B4A00DE5B4D /* Preview Assets.xcassets */,
			);
			path = "Preview Content";
			sourceTree = "<group>";
		};
		5B7F98ED289F1CDB00DE5B4D /* View */ = {
			isa = PBXGroup;
			children = (
				5B7F98EF289F1CE300DE5B4D /* DetailView */,
				5B7F98EE289F1CDE00DE5B4D /* Home */,
			);
			path = View;
			sourceTree = "<group>";
		};
		5B7F98EE289F1CDE00DE5B4D /* Home */ = {
			isa = PBXGroup;
			children = (
				5B7F98F6289F1F0700DE5B4D /* FooterView.swift */,
				5B0F76A5289F316800B52A54 /* NavigationBarView.swift */,
				5B6E025B289F3534003FBE28 /* LogoView.swift */,
				5B18CDC128A044DE0025BEA7 /* PlayerView.swift */,
				5B5DC3AD28A0582C0047DB9D /* CategoryItemViews.swift */,
				5B5DC3AF28A05B480047DB9D /* CategoryGridView.swift */,
				5B5DC3B128A064280047DB9D /* SectionsView.swift */,
				5B5DC3B328A074EB0047DB9D /* TitleView.swift */,
				5B5DC3B728A0767A0047DB9D /* ProductItemView.swift */,
				5B5DC3BB28A07BC30047DB9D /* BrandsItemView.swift */,
				5B5DC3BD28A080360047DB9D /* BrandGridView.swift */,
			);
			path = Home;
			sourceTree = "<group>";
		};
		5B7F98EF289F1CE300DE5B4D /* DetailView */ = {
			isa = PBXGroup;
			children = (
				5BA4081728A19FC700FB1FF8 /* NavbarDetailView.swift */,
				5BA4081928A1A12F00FB1FF8 /* HeaderDetailView.swift */,
				5BA4081B28A1A2A400FB1FF8 /* TopPartDetailView.swift */,
				5BA4081D28A1A82F00FB1FF8 /* CustomShapeView.swift */,
				5BA4081F28A1AE2A00FB1FF8 /* RatingSizeComponentView.swift */,
				5BA4082128A1B71900FB1FF8 /* QuantityFavoritDetailView.swift */,
				5BA4082328A1B9E500FB1FF8 /* AddToCartDetailView.swift */,
			);
			path = DetailView;
			sourceTree = "<group>";
		};
		5B7F98F0289F1CF200DE5B4D /* Extentions */ = {
			isa = PBXGroup;
			children = (
				5B18CDBD28A0433F0025BEA7 /* Decoder.swift */,
			);
			path = Extentions;
			sourceTree = "<group>";
		};
		5B7F98F1289F1CF500DE5B4D /* Utilites */ = {
			isa = PBXGroup;
			children = (
				5B7F98F4289F1DD300DE5B4D /* Constance.swift */,
				5BA4082528A1BE2500FB1FF8 /* Shop.swift */,
			);
			path = Utilites;
			sourceTree = "<group>";
		};
		5B7F98F2289F1D0900DE5B4D /* Model */ = {
			isa = PBXGroup;
			children = (
				5B18CDBF28A044210025BEA7 /* Player.swift */,
				5B5DC3AB28A055670047DB9D /* ProductCategory.swift */,
				5B5DC3B528A075E90047DB9D /* Product.swift */,
				5B5DC3B928A07B7E0047DB9D /* Brand.swift */,
			);
			path = Model;
			sourceTree = "<group>";
		};
		5B7F98F3289F1D1400DE5B4D /* App */ = {
			isa = PBXGroup;
			children = (
				5B7F98DC289F1B4800DE5B4D /* TouchDownApp.swift */,
				5B7F98DE289F1B4800DE5B4D /* ContentView.swift */,
				5BA4081528A19E9800FB1FF8 /* ProductDetailView.swift */,
			);
			path = App;
			sourceTree = "<group>";
		};
/* End PBXGroup section */

/* Begin PBXNativeTarget section */
		5B7F98D8289F1B4800DE5B4D /* TouchDown */ = {
			isa = PBXNativeTarget;
			buildConfigurationList = 5B7F98E7289F1B4A00DE5B4D /* Build configuration list for PBXNativeTarget "TouchDown" */;
			buildPhases = (
				5B7F98D5289F1B4800DE5B4D /* Sources */,
				5B7F98D6289F1B4800DE5B4D /* Frameworks */,
				5B7F98D7289F1B4800DE5B4D /* Resources */,
			);
			buildRules = (
			);
			dependencies = (
			);
			name = TouchDown;
			productName = TouchDown;
			productReference = 5B7F98D9289F1B4800DE5B4D /* TouchDown.app */;
			productType = "com.apple.product-type.application";
		};
/* End PBXNativeTarget section */

/* Begin PBXProject section */
		5B7F98D1289F1B4800DE5B4D /* Project object */ = {
			isa = PBXProject;
			attributes = {
				BuildIndependentTargetsInParallel = 1;
				LastSwiftUpdateCheck = 1340;
				LastUpgradeCheck = 1340;
				TargetAttributes = {
					5B7F98D8289F1B4800DE5B4D = {
						CreatedOnToolsVersion = 13.4.1;
					};
				};
			};
			buildConfigurationList = 5B7F98D4289F1B4800DE5B4D /* Build configuration list for PBXProject "TouchDown" */;
			compatibilityVersion = "Xcode 13.0";
			developmentRegion = en;
			hasScannedForEncodings = 0;
			knownRegions = (
				en,
				Base,
			);
			mainGroup = 5B7F98D0289F1B4800DE5B4D;
			productRefGroup = 5B7F98DA289F1B4800DE5B4D /* Products */;
			projectDirPath = "";
			projectRoot = "";
			targets = (
				5B7F98D8289F1B4800DE5B4D /* TouchDown */,
			);
		};
/* End PBXProject section */

/* Begin PBXResourcesBuildPhase section */
		5B7F98D7289F1B4800DE5B4D /* Resources */ = {
			isa = PBXResourcesBuildPhase;
			buildActionMask = 2147483647;
			files = (
				5B5DC3A428A04B2E0047DB9D /* player.json in Resources */,
				5B5DC3A528A04B2E0047DB9D /* brand.json in Resources */,
				5B7F98E4289F1B4A00DE5B4D /* Preview Assets.xcassets in Resources */,
				5B5DC3A728A04B2E0047DB9D /* category.json in Resources */,
				5B7F98E1289F1B4A00DE5B4D /* Assets.xcassets in Resources */,
				5B5DC3A628A04B2E0047DB9D /* product.json in Resources */,
			);
			runOnlyForDeploymentPostprocessing = 0;
		};
/* End PBXResourcesBuildPhase section */

/* Begin PBXSourcesBuildPhase section */
		5B7F98D5289F1B4800DE5B4D /* Sources */ = {
			isa = PBXSourcesBuildPhase;
			buildActionMask = 2147483647;
			files = (
				5B5DC3B028A05B480047DB9D /* CategoryGridView.swift in Sources */,
				5BA4081628A19E9800FB1FF8 /* ProductDetailView.swift in Sources */,
				5B18CDC228A044DE0025BEA7 /* PlayerView.swift in Sources */,
				5B5DC3BA28A07B7E0047DB9D /* Brand.swift in Sources */,
				5BA4082228A1B71900FB1FF8 /* QuantityFavoritDetailView.swift in Sources */,
				5B5DC3B628A075E90047DB9D /* Product.swift in Sources */,
				5B5DC3AE28A0582C0047DB9D /* CategoryItemViews.swift in Sources */,
				5B5DC3B428A074EB0047DB9D /* TitleView.swift in Sources */,
				5BA4082428A1B9E500FB1FF8 /* AddToCartDetailView.swift in Sources */,
				5B7F98DF289F1B4800DE5B4D /* ContentView.swift in Sources */,
				5B6E025C289F3534003FBE28 /* LogoView.swift in Sources */,
				5BA4082628A1BE2500FB1FF8 /* Shop.swift in Sources */,
				5B7F98F7289F1F0700DE5B4D /* FooterView.swift in Sources */,
				5BA4081828A19FC700FB1FF8 /* NavbarDetailView.swift in Sources */,
				5B5DC3BE28A080360047DB9D /* BrandGridView.swift in Sources */,
				5B5DC3B228A064280047DB9D /* SectionsView.swift in Sources */,
				5B7F98DD289F1B4800DE5B4D /* TouchDownApp.swift in Sources */,
				5B5DC3AC28A055670047DB9D /* ProductCategory.swift in Sources */,
				5BA4081E28A1A82F00FB1FF8 /* CustomShapeView.swift in Sources */,
				5B5DC3B828A0767A0047DB9D /* ProductItemView.swift in Sources */,
				5BA4082028A1AE2A00FB1FF8 /* RatingSizeComponentView.swift in Sources */,
				5BA4081A28A1A12F00FB1FF8 /* HeaderDetailView.swift in Sources */,
				5B18CDC028A044210025BEA7 /* Player.swift in Sources */,
				5B18CDBE28A0433F0025BEA7 /* Decoder.swift in Sources */,
				5B5DC3BC28A07BC30047DB9D /* BrandsItemView.swift in Sources */,
				5B7F98F5289F1DD300DE5B4D /* Constance.swift in Sources */,
				5B0F76A6289F316800B52A54 /* NavigationBarView.swift in Sources */,
				5BA4081C28A1A2A400FB1FF8 /* TopPartDetailView.swift in Sources */,
			);
			runOnlyForDeploymentPostprocessing = 0;
		};
/* End PBXSourcesBuildPhase section */

/* Begin XCBuildConfiguration section */
		5B7F98E5289F1B4A00DE5B4D /* Debug */ = {
			isa = XCBuildConfiguration;
			buildSettings = {
				ALWAYS_SEARCH_USER_PATHS = NO;
				CLANG_ANALYZER_NONNULL = YES;
				CLANG_ANALYZER_NUMBER_OBJECT_CONVERSION = YES_AGGRESSIVE;
				CLANG_CXX_LANGUAGE_STANDARD = "gnu++17";
				CLANG_ENABLE_MODULES = YES;
				CLANG_ENABLE_OBJC_ARC = YES;
				CLANG_ENABLE_OBJC_WEAK = YES;
				CLANG_WARN_BLOCK_CAPTURE_AUTORELEASING = YES;
				CLANG_WARN_BOOL_CONVERSION = YES;
				CLANG_WARN_COMMA = YES;
				CLANG_WARN_CONSTANT_CONVERSION = YES;
				CLANG_WARN_DEPRECATED_OBJC_IMPLEMENTATIONS = YES;
				CLANG_WARN_DIRECT_OBJC_ISA_USAGE = YES_ERROR;
				CLANG_WARN_DOCUMENTATION_COMMENTS = YES;
				CLANG_WARN_EMPTY_BODY = YES;
				CLANG_WARN_ENUM_CONVERSION = YES;
				CLANG_WARN_INFINITE_RECURSION = YES;
				CLANG_WARN_INT_CONVERSION = YES;
				CLANG_WARN_NON_LITERAL_NULL_CONVERSION = YES;
				CLANG_WARN_OBJC_IMPLICIT_RETAIN_SELF = YES;
				CLANG_WARN_OBJC_LITERAL_CONVERSION = YES;
				CLANG_WARN_OBJC_ROOT_CLASS = YES_ERROR;
				CLANG_WARN_QUOTED_INCLUDE_IN_FRAMEWORK_HEADER = YES;
				CLANG_WARN_RANGE_LOOP_ANALYSIS = YES;
				CLANG_WARN_STRICT_PROTOTYPES = YES;
				CLANG_WARN_SUSPICIOUS_MOVE = YES;
				CLANG_WARN_UNGUARDED_AVAILABILITY = YES_AGGRESSIVE;
				CLANG_WARN_UNREACHABLE_CODE = YES;
				CLANG_WARN__DUPLICATE_METHOD_MATCH = YES;
				COPY_PHASE_STRIP = NO;
				DEBUG_INFORMATION_FORMAT = dwarf;
				ENABLE_STRICT_OBJC_MSGSEND = YES;
				ENABLE_TESTABILITY = YES;
				GCC_C_LANGUAGE_STANDARD = gnu11;
				GCC_DYNAMIC_NO_PIC = NO;
				GCC_NO_COMMON_BLOCKS = YES;
				GCC_OPTIMIZATION_LEVEL = 0;
				GCC_PREPROCESSOR_DEFINITIONS = (
					"DEBUG=1",
					"$(inherited)",
				);
				GCC_WARN_64_TO_32_BIT_CONVERSION = YES;
				GCC_WARN_ABOUT_RETURN_TYPE = YES_ERROR;
				GCC_WARN_UNDECLARED_SELECTOR = YES;
				GCC_WARN_UNINITIALIZED_AUTOS = YES_AGGRESSIVE;
				GCC_WARN_UNUSED_FUNCTION = YES;
				GCC_WARN_UNUSED_VARIABLE = YES;
				IPHONEOS_DEPLOYMENT_TARGET = 15.5;
				MTL_ENABLE_DEBUG_INFO = INCLUDE_SOURCE;
				MTL_FAST_MATH = YES;
				ONLY_ACTIVE_ARCH = YES;
				SDKROOT = iphoneos;
				SWIFT_ACTIVE_COMPILATION_CONDITIONS = DEBUG;
				SWIFT_OPTIMIZATION_LEVEL = "-Onone";
			};
			name = Debug;
		};
		5B7F98E6289F1B4A00DE5B4D /* Release */ = {
			isa = XCBuildConfiguration;
			buildSettings = {
				ALWAYS_SEARCH_USER_PATHS = NO;
				CLANG_ANALYZER_NONNULL = YES;
				CLANG_ANALYZER_NUMBER_OBJECT_CONVERSION = YES_AGGRESSIVE;
				CLANG_CXX_LANGUAGE_STANDARD = "gnu++17";
				CLANG_ENABLE_MODULES = YES;
				CLANG_ENABLE_OBJC_ARC = YES;
				CLANG_ENABLE_OBJC_WEAK = YES;
				CLANG_WARN_BLOCK_CAPTURE_AUTORELEASING = YES;
				CLANG_WARN_BOOL_CONVERSION = YES;
				CLANG_WARN_COMMA = YES;
				CLANG_WARN_CONSTANT_CONVERSION = YES;
				CLANG_WARN_DEPRECATED_OBJC_IMPLEMENTATIONS = YES;
				CLANG_WARN_DIRECT_OBJC_ISA_USAGE = YES_ERROR;
				CLANG_WARN_DOCUMENTATION_COMMENTS = YES;
				CLANG_WARN_EMPTY_BODY = YES;
				CLANG_WARN_ENUM_CONVERSION = YES;
				CLANG_WARN_INFINITE_RECURSION = YES;
				CLANG_WARN_INT_CONVERSION = YES;
				CLANG_WARN_NON_LITERAL_NULL_CONVERSION = YES;
				CLANG_WARN_OBJC_IMPLICIT_RETAIN_SELF = YES;
				CLANG_WARN_OBJC_LITERAL_CONVERSION = YES;
				CLANG_WARN_OBJC_ROOT_CLASS = YES_ERROR;
				CLANG_WARN_QUOTED_INCLUDE_IN_FRAMEWORK_HEADER = YES;
				CLANG_WARN_RANGE_LOOP_ANALYSIS = YES;
				CLANG_WARN_STRICT_PROTOTYPES = YES;
				CLANG_WARN_SUSPICIOUS_MOVE = YES;
				CLANG_WARN_UNGUARDED_AVAILABILITY = YES_AGGRESSIVE;
				CLANG_WARN_UNREACHABLE_CODE = YES;
				CLANG_WARN__DUPLICATE_METHOD_MATCH = YES;
				COPY_PHASE_STRIP = NO;
				DEBUG_INFORMATION_FORMAT = "dwarf-with-dsym";
				ENABLE_NS_ASSERTIONS = NO;
				ENABLE_STRICT_OBJC_MSGSEND = YES;
				GCC_C_LANGUAGE_STANDARD = gnu11;
				GCC_NO_COMMON_BLOCKS = YES;
				GCC_WARN_64_TO_32_BIT_CONVERSION = YES;
				GCC_WARN_ABOUT_RETURN_TYPE = YES_ERROR;
				GCC_WARN_UNDECLARED_SELECTOR = YES;
				GCC_WARN_UNINITIALIZED_AUTOS = YES_AGGRESSIVE;
				GCC_WARN_UNUSED_FUNCTION = YES;
				GCC_WARN_UNUSED_VARIABLE = YES;
				IPHONEOS_DEPLOYMENT_TARGET = 15.5;
				MTL_ENABLE_DEBUG_INFO = NO;
				MTL_FAST_MATH = YES;
				SDKROOT = iphoneos;
				SWIFT_COMPILATION_MODE = wholemodule;
				SWIFT_OPTIMIZATION_LEVEL = "-O";
				VALIDATE_PRODUCT = YES;
			};
			name = Release;
		};
		5B7F98E8289F1B4A00DE5B4D /* Debug */ = {
			isa = XCBuildConfiguration;
			buildSettings = {
				ASSETCATALOG_COMPILER_APPICON_NAME = AppIcon;
				ASSETCATALOG_COMPILER_GLOBAL_ACCENT_COLOR_NAME = AccentColor;
				CODE_SIGN_STYLE = Automatic;
				CURRENT_PROJECT_VERSION = 1;
				DEVELOPMENT_ASSET_PATHS = "\"TouchDown/Preview Content\"";
				DEVELOPMENT_TEAM = QC3UAHVPF7;
				ENABLE_PREVIEWS = YES;
				GENERATE_INFOPLIST_FILE = YES;
				INFOPLIST_FILE = TouchDown/Info.plist;
				INFOPLIST_KEY_UIApplicationSceneManifest_Generation = YES;
				INFOPLIST_KEY_UIApplicationSupportsIndirectInputEvents = YES;
				INFOPLIST_KEY_UISupportedInterfaceOrientations_iPad = "UIInterfaceOrientationPortrait UIInterfaceOrientationPortraitUpsideDown UIInterfaceOrientationLandscapeLeft UIInterfaceOrientationLandscapeRight";
				INFOPLIST_KEY_UISupportedInterfaceOrientations_iPhone = "UIInterfaceOrientationPortrait UIInterfaceOrientationLandscapeLeft UIInterfaceOrientationLandscapeRight";
				INFOPLIST_KEY_UIUserInterfaceStyle = Light;
				LD_RUNPATH_SEARCH_PATHS = (
					"$(inherited)",
					"@executable_path/Frameworks",
				);
				MARKETING_VERSION = 1.0;
				PRODUCT_BUNDLE_IDENTIFIER = Zardasht.TouchDown;
				PRODUCT_NAME = "$(TARGET_NAME)";
				SWIFT_EMIT_LOC_STRINGS = YES;
				SWIFT_VERSION = 5.0;
				TARGETED_DEVICE_FAMILY = "1,2";
			};
			name = Debug;
		};
		5B7F98E9289F1B4A00DE5B4D /* Release */ = {
			isa = XCBuildConfiguration;
			buildSettings = {
				ASSETCATALOG_COMPILER_APPICON_NAME = AppIcon;
				ASSETCATALOG_COMPILER_GLOBAL_ACCENT_COLOR_NAME = AccentColor;
				CODE_SIGN_STYLE = Automatic;
				CURRENT_PROJECT_VERSION = 1;
				DEVELOPMENT_ASSET_PATHS = "\"TouchDown/Preview Content\"";
				DEVELOPMENT_TEAM = QC3UAHVPF7;
				ENABLE_PREVIEWS = YES;
				GENERATE_INFOPLIST_FILE = YES;
				INFOPLIST_FILE = TouchDown/Info.plist;
				INFOPLIST_KEY_UIApplicationSceneManifest_Generation = YES;
				INFOPLIST_KEY_UIApplicationSupportsIndirectInputEvents = YES;
				INFOPLIST_KEY_UISupportedInterfaceOrientations_iPad = "UIInterfaceOrientationPortrait UIInterfaceOrientationPortraitUpsideDown UIInterfaceOrientationLandscapeLeft UIInterfaceOrientationLandscapeRight";
				INFOPLIST_KEY_UISupportedInterfaceOrientations_iPhone = "UIInterfaceOrientationPortrait UIInterfaceOrientationLandscapeLeft UIInterfaceOrientationLandscapeRight";
				INFOPLIST_KEY_UIUserInterfaceStyle = Light;
				LD_RUNPATH_SEARCH_PATHS = (
					"$(inherited)",
					"@executable_path/Frameworks",
				);
				MARKETING_VERSION = 1.0;
				PRODUCT_BUNDLE_IDENTIFIER = Zardasht.TouchDown;
				PRODUCT_NAME = "$(TARGET_NAME)";
				SWIFT_EMIT_LOC_STRINGS = YES;
				SWIFT_VERSION = 5.0;
				TARGETED_DEVICE_FAMILY = "1,2";
			};
			name = Release;
		};
/* End XCBuildConfiguration section */

/* Begin XCConfigurationList section */
		5B7F98D4289F1B4800DE5B4D /* Build configuration list for PBXProject "TouchDown" */ = {
			isa = XCConfigurationList;
			buildConfigurations = (
				5B7F98E5289F1B4A00DE5B4D /* Debug */,
				5B7F98E6289F1B4A00DE5B4D /* Release */,
			);
			defaultConfigurationIsVisible = 0;
			defaultConfigurationName = Release;
		};
		5B7F98E7289F1B4A00DE5B4D /* Build configuration list for PBXNativeTarget "TouchDown" */ = {
			isa = XCConfigurationList;
			buildConfigurations = (
				5B7F98E8289F1B4A00DE5B4D /* Debug */,
				5B7F98E9289F1B4A00DE5B4D /* Release */,
			);
			defaultConfigurationIsVisible = 0;
			defaultConfigurationName = Release;
		};
/* End XCConfigurationList section */
	};
	rootObject = 5B7F98D1289F1B4800DE5B4D /* Project object */;
}
